<Solution>
  <Folder Name="/src/">
    <Project Path="src/Mongo.Copilot.Core/Mongo.Copilot.Core.csproj" />
    <Project Path="src/Mongo.Copilot.Federated/Mongo.Copilot.Federated.csproj" />
    <Project Path="src/Mongo.Copilot.Indexer/Mongo.Copilot.Indexer.csproj" />
  </Folder>
  <Folder Name="/tests/">
    <Project Path="tests/Mongo.Copilot.Core.Tests/Mongo.Copilot.Core.Tests.csproj" />
    <Project Path="tests/Mongo.Copilot.Indexer.Tests/Mongo.Copilot.Indexer.Tests.csproj" />
  </Folder>
</Solution>
